Microsoft Visual Studio Solution File, Format Version 12.00
# Visual Studio Version 17
VisualStudioVersion = 17.5.2.0
MinimumVisualStudioVersion = 10.0.40219.1
Project("{FAE04EC0-301F-11D3-BF4B-00C04F79EFBC}") = "ftoc", "ftoc.csproj", "{AC3D4075-DF26-F75E-C060-DB161A5C1720}"
EndProject
Global
	GlobalSection(SolutionConfigurationPlatforms) = preSolution
		Debug|Any CPU = Debug|Any CPU
		Release|Any CPU = Release|Any CPU
	EndGlobalSection
	GlobalSection(ProjectConfigurationPlatforms) = postSolution
		{AC3D4075-DF26-F75E-C060-DB161A5C1720}.Debug|Any CPU.ActiveCfg = Debug|Any CPU
		{AC3D4075-DF26-F75E-C060-DB161A5C1720}.Debug|Any CPU.Build.0 = Debug|Any CPU
		{AC3D4075-DF26-F75E-C060-DB161A5C1720}.Release|Any CPU.ActiveCfg = Release|Any CPU
		{AC3D4075-DF26-F75E-C060-DB161A5C1720}.Release|Any CPU.Build.0 = Release|Any CPU
	EndGlobalSection
	GlobalSection(SolutionProperties) = preSolution
		HideSolutionNode = FALSE
	EndGlobalSection
	GlobalSection(ExtensibilityGlobals) = postSolution
		SolutionGuid = {A47B9D33-188A-4277-A33D-7758A2B0D7CF}
	EndGlobalSection
EndGlobal
